{
  "version": 4,
  "terraform_version": "1.2.7",
  "serial": 1,
  "lineage": "454ed1dc-bb08-4577-13d2-a5af3bf7b656",
  "outputs": {},
  "resources": [
    {
      "mode": "managed",
      "type": "aws_vpc",
      "name": "myvpc",
      "provider": "provider[\"registry.terraform.io/hashicorp/aws\"]",
      "instances": [
        {
          "schema_version": 1,
          "attributes": {
            "arn": "arn:aws:ec2:us-east-1:334316156435:vpc/vpc-02f9db8e748e2e1e1",
            "assign_generated_ipv6_cidr_block": false,
            "cidr_block": "10.0.0.0/16",
            "default_network_acl_id": "acl-08d3f23d763e22317",
            "default_route_table_id": "rtb-0f0d396a1c6551132",
            "default_security_group_id": "sg-082bf323c3712eac0",
            "dhcp_options_id": "dopt-0f9bf73e8ab50e138",
            "enable_classiclink": false,
            "enable_classiclink_dns_support": false,
            "enable_dns_hostnames": false,
            "enable_dns_support": false,
            "id": "vpc-02f9db8e748e2e1e1",
            "instance_tenancy": "default",
            "ipv4_ipam_pool_id": null,
            "ipv4_netmask_length": null,
            "ipv6_association_id": "",
            "ipv6_cidr_block": "",
            "ipv6_cidr_block_network_border_group": "",
            "ipv6_ipam_pool_id": "",
            "ipv6_netmask_length": 0,
            "main_route_table_id": "rtb-0f0d396a1c6551132",
            "owner_id": "334316156435",
            "tags": null,
            "tags_all": {}
          },
          "sensitive_attributes": [],
          "private": "eyJzY2hlbWFfdmVyc2lvbiI6IjEifQ=="
        }
      ]
    }
  ]
}
